Microsoft Visual Studio Solution File, Format Version 11.00
# Visual Studio 2008

Project("{48FA4C38-0431-22C0-3A61-B1FB03D378EE}") = "wild", "Assembly-CSharp-firstpass.csproj", "{2C95C8C7-C800-F411-47E8-BF697D05AA81}"
EndProject
Project("{48FA4C38-0431-22C0-3A61-B1FB03D378EE}") = "wild", "Assembly-CSharp-Editor.csproj", "{F5CB0FC1-3B10-CAAD-A01B-080F9E066375}"
EndProject
Global
	GlobalSection(SolutionConfigurationPlatforms) = preSolution
		Debug|Any CPU = Debug|Any CPU
		Release|Any CPU = Release|Any CPU
	EndGlobalSection
	GlobalSection(ProjectConfigurationPlatforms) = postSolution
		{2C95C8C7-C800-F411-47E8-BF697D05AA81}.Debug|Any CPU.ActiveCfg = Debug|Any CPU
		{2C95C8C7-C800-F411-47E8-BF697D05AA81}.Debug|Any CPU.Build.0 = Debug|Any CPU
		{2C95C8C7-C800-F411-47E8-BF697D05AA81}.Release|Any CPU.ActiveCfg = Release|Any CPU
		{2C95C8C7-C800-F411-47E8-BF697D05AA81}.Release|Any CPU.Build.0 = Release|Any CPU
		{F5CB0FC1-3B10-CAAD-A01B-080F9E066375}.Debug|Any CPU.ActiveCfg = Debug|Any CPU
		{F5CB0FC1-3B10-CAAD-A01B-080F9E066375}.Debug|Any CPU.Build.0 = Debug|Any CPU
		{F5CB0FC1-3B10-CAAD-A01B-080F9E066375}.Release|Any CPU.ActiveCfg = Release|Any CPU
		{F5CB0FC1-3B10-CAAD-A01B-080F9E066375}.Release|Any CPU.Build.0 = Release|Any CPU
	EndGlobalSection
	GlobalSection(SolutionProperties) = preSolution
		HideSolutionNode = FALSE
	EndGlobalSection
	GlobalSection(MonoDevelopProperties) = preSolution
		StartupItem = Assembly-CSharp.csproj
	EndGlobalSection
EndGlobal
